
Microsoft Visual Studio Solution File, Format Version 12.00
# Visual Studio Version 17
VisualStudioVersion = 17.5.33209.295
MinimumVisualStudioVersion = 10.0.40219.1
Project("{FAE04EC0-301F-11D3-BF4B-00C04F79EFBC}") = "OnlineShopping", "OnlineShopping\OnlineShopping.csproj", "{7F79A819-89A7-4E9E-B247-36A769E2F460}"
EndProject
Global
	GlobalSection(SolutionConfigurationPlatforms) = preSolution
		Debug|Any CPU = Debug|Any CPU
		Release|Any CPU = Release|Any CPU
	EndGlobalSection
	GlobalSection(ProjectConfigurationPlatforms) = postSolution
		{7F79A819-89A7-4E9E-B247-36A769E2F460}.Debug|Any CPU.ActiveCfg = Debug|Any CPU
		{7F79A819-89A7-4E9E-B247-36A769E2F460}.Debug|Any CPU.Build.0 = Debug|Any CPU
		{7F79A819-89A7-4E9E-B247-36A769E2F460}.Release|Any CPU.ActiveCfg = Release|Any CPU
		{7F79A819-89A7-4E9E-B247-36A769E2F460}.Release|Any CPU.Build.0 = Release|Any CPU
	EndGlobalSection
	GlobalSection(SolutionProperties) = preSolution
		HideSolutionNode = FALSE
	EndGlobalSection
	GlobalSection(ExtensibilityGlobals) = postSolution
		SolutionGuid = {1BC2B64A-8347-4340-B641-0B5A4FB849BF}
	EndGlobalSection
EndGlobal
